
Microsoft Visual Studio Solution File, Format Version 12.00
# Visual Studio 15
VisualStudioVersion = 15.0.27428.2027
MinimumVisualStudioVersion = 10.0.40219.1
Project("{9A19103F-16F7-4668-BE54-9A1E7A4F7556}") = "WebWare", "WebWare\WebWare.csproj", "{1D437A27-285B-4287-B04F-415757EE3CA2}"
EndProject
Global
	GlobalSection(SolutionConfigurationPlatforms) = preSolution
		Debug|Any CPU = Debug|Any CPU
		Release|Any CPU = Release|Any CPU
	EndGlobalSection
	GlobalSection(ProjectConfigurationPlatforms) = postSolution
		{1D437A27-285B-4287-B04F-415757EE3CA2}.Debug|Any CPU.ActiveCfg = Debug|Any CPU
		{1D437A27-285B-4287-B04F-415757EE3CA2}.Debug|Any CPU.Build.0 = Debug|Any CPU
		{1D437A27-285B-4287-B04F-415757EE3CA2}.Release|Any CPU.ActiveCfg = Release|Any CPU
		{1D437A27-285B-4287-B04F-415757EE3CA2}.Release|Any CPU.Build.0 = Release|Any CPU
	EndGlobalSection
	GlobalSection(SolutionProperties) = preSolution
		HideSolutionNode = FALSE
	EndGlobalSection
	GlobalSection(ExtensibilityGlobals) = postSolution
		SolutionGuid = {667709A9-6F96-4C24-BF3D-727D3490583B}
	EndGlobalSection
EndGlobal
